
Microsoft Visual Studio Solution File, Format Version 12.00
# Visual Studio Version 16
VisualStudioVersion = 16.0.31105.61
MinimumVisualStudioVersion = 10.0.40219.1
Project("{9A19103F-16F7-4668-BE54-9A1E7A4F7556}") = "MqttAgent", "MqttAgent\MqttAgent.csproj", "{4893E2A6-FF10-4213-8CE0-631215B2343B}"
EndProject
Project("{9A19103F-16F7-4668-BE54-9A1E7A4F7556}") = "Opc.Ua.Core", "OpcUa\Stack\Opc.Ua.Core\Opc.Ua.Core.csproj", "{54F424CD-C659-476C-A185-FAE097FDE6A5}"
EndProject
Project("{9A19103F-16F7-4668-BE54-9A1E7A4F7556}") = "Opc.Ua.Security.Certificates", "OpcUa\Libraries\Opc.Ua.Security.Certificates\Opc.Ua.Security.Certificates.csproj", "{67A20080-F778-457B-B6A1-05BFFBB440F6}"
EndProject
Project("{9A19103F-16F7-4668-BE54-9A1E7A4F7556}") = "Opc.Ua.PubSub", "OpcUa\Libraries\Opc.Ua.PubSub\Opc.Ua.PubSub.csproj", "{5C88B019-8979-48A1-9D06-8B59BC34123D}"
EndProject
Project("{9A19103F-16F7-4668-BE54-9A1E7A4F7556}") = "Opc.Ua.Server", "OpcUa\Libraries\Opc.Ua.Server\Opc.Ua.Server.csproj", "{D266A0F8-8118-4B10-92CF-2EEA4134D0B7}"
EndProject
Project("{9A19103F-16F7-4668-BE54-9A1E7A4F7556}") = "Opc.Ua.Configuration", "OpcUa\Libraries\Opc.Ua.Configuration\Opc.Ua.Configuration.csproj", "{A597C305-5849-4817-8C57-1C3176E95423}"
EndProject
Global
	GlobalSection(SolutionConfigurationPlatforms) = preSolution
		Debug|Any CPU = Debug|Any CPU
		Release|Any CPU = Release|Any CPU
	EndGlobalSection
	GlobalSection(ProjectConfigurationPlatforms) = postSolution
		{4893E2A6-FF10-4213-8CE0-631215B2343B}.Debug|Any CPU.ActiveCfg = Debug|Any CPU
		{4893E2A6-FF10-4213-8CE0-631215B2343B}.Debug|Any CPU.Build.0 = Debug|Any CPU
		{4893E2A6-FF10-4213-8CE0-631215B2343B}.Release|Any CPU.ActiveCfg = Release|Any CPU
		{4893E2A6-FF10-4213-8CE0-631215B2343B}.Release|Any CPU.Build.0 = Release|Any CPU
		{54F424CD-C659-476C-A185-FAE097FDE6A5}.Debug|Any CPU.ActiveCfg = Debug|Any CPU
		{54F424CD-C659-476C-A185-FAE097FDE6A5}.Debug|Any CPU.Build.0 = Debug|Any CPU
		{54F424CD-C659-476C-A185-FAE097FDE6A5}.Release|Any CPU.ActiveCfg = Release|Any CPU
		{54F424CD-C659-476C-A185-FAE097FDE6A5}.Release|Any CPU.Build.0 = Release|Any CPU
		{67A20080-F778-457B-B6A1-05BFFBB440F6}.Debug|Any CPU.ActiveCfg = Debug|Any CPU
		{67A20080-F778-457B-B6A1-05BFFBB440F6}.Debug|Any CPU.Build.0 = Debug|Any CPU
		{67A20080-F778-457B-B6A1-05BFFBB440F6}.Release|Any CPU.ActiveCfg = Release|Any CPU
		{67A20080-F778-457B-B6A1-05BFFBB440F6}.Release|Any CPU.Build.0 = Release|Any CPU
		{5C88B019-8979-48A1-9D06-8B59BC34123D}.Debug|Any CPU.ActiveCfg = Debug|Any CPU
		{5C88B019-8979-48A1-9D06-8B59BC34123D}.Debug|Any CPU.Build.0 = Debug|Any CPU
		{5C88B019-8979-48A1-9D06-8B59BC34123D}.Release|Any CPU.ActiveCfg = Release|Any CPU
		{5C88B019-8979-48A1-9D06-8B59BC34123D}.Release|Any CPU.Build.0 = Release|Any CPU
		{D266A0F8-8118-4B10-92CF-2EEA4134D0B7}.Debug|Any CPU.ActiveCfg = Debug|Any CPU
		{D266A0F8-8118-4B10-92CF-2EEA4134D0B7}.Debug|Any CPU.Build.0 = Debug|Any CPU
		{D266A0F8-8118-4B10-92CF-2EEA4134D0B7}.Release|Any CPU.ActiveCfg = Release|Any CPU
		{D266A0F8-8118-4B10-92CF-2EEA4134D0B7}.Release|Any CPU.Build.0 = Release|Any CPU
		{A597C305-5849-4817-8C57-1C3176E95423}.Debug|Any CPU.ActiveCfg = Debug|Any CPU
		{A597C305-5849-4817-8C57-1C3176E95423}.Debug|Any CPU.Build.0 = Debug|Any CPU
		{A597C305-5849-4817-8C57-1C3176E95423}.Release|Any CPU.ActiveCfg = Release|Any CPU
		{A597C305-5849-4817-8C57-1C3176E95423}.Release|Any CPU.Build.0 = Release|Any CPU
	EndGlobalSection
	GlobalSection(SolutionProperties) = preSolution
		HideSolutionNode = FALSE
	EndGlobalSection
	GlobalSection(ExtensibilityGlobals) = postSolution
		SolutionGuid = {7D165794-E4FF-4040-89A2-D0F7BF687132}
	EndGlobalSection
EndGlobal
