
Microsoft Visual Studio Solution File, Format Version 12.00
# Visual Studio Version 17
VisualStudioVersion = 17.6.33927.249
MinimumVisualStudioVersion = 10.0.40219.1
Project("{9A19103F-16F7-4668-BE54-9A1E7A4F7556}") = "UaMqttPublisher", "UaMqttPublisher\UaMqttPublisher.csproj", "{F4564213-94D2-4A9D-8205-FB7FE4941F69}"
EndProject
Project("{9A19103F-16F7-4668-BE54-9A1E7A4F7556}") = "UaMqttSubscriber", "UaMqttSubscriber\UaMqttSubscriber.csproj", "{4173D3CF-D35A-4C3F-9627-F693E2B43313}"
EndProject
Project("{2150E333-8FDC-42A3-9474-1A3956D46DE8}") = "Solution Items", "Solution Items", "{23098B57-402A-4CBE-9EA5-6EEAC10ECFEC}"
	ProjectSection(SolutionItems) = preProject
		README.md = README.md
	EndProjectSection
EndProject
Project("{FAE04EC0-301F-11D3-BF4B-00C04F79EFBC}") = "Opc.Ua.WebApi", "..\..\opcua-webapi\dotnet\src\Opc.Ua.WebApi\Opc.Ua.WebApi.csproj", "{E2883110-D523-44CB-9EB3-93922A734C3D}"
EndProject
Project("{FAE04EC0-301F-11D3-BF4B-00C04F79EFBC}") = "UaMqttCommon", "..\UaMqttCommon\UaMqttCommon.csproj", "{E67B94D2-115B-42EA-B995-0780207B8174}"
EndProject
Global
	GlobalSection(SolutionConfigurationPlatforms) = preSolution
		Debug|Any CPU = Debug|Any CPU
		Release|Any CPU = Release|Any CPU
	EndGlobalSection
	GlobalSection(ProjectConfigurationPlatforms) = postSolution
		{F4564213-94D2-4A9D-8205-FB7FE4941F69}.Debug|Any CPU.ActiveCfg = Debug|Any CPU
		{F4564213-94D2-4A9D-8205-FB7FE4941F69}.Debug|Any CPU.Build.0 = Debug|Any CPU
		{F4564213-94D2-4A9D-8205-FB7FE4941F69}.Release|Any CPU.ActiveCfg = Release|Any CPU
		{F4564213-94D2-4A9D-8205-FB7FE4941F69}.Release|Any CPU.Build.0 = Release|Any CPU
		{4173D3CF-D35A-4C3F-9627-F693E2B43313}.Debug|Any CPU.ActiveCfg = Debug|Any CPU
		{4173D3CF-D35A-4C3F-9627-F693E2B43313}.Debug|Any CPU.Build.0 = Debug|Any CPU
		{4173D3CF-D35A-4C3F-9627-F693E2B43313}.Release|Any CPU.ActiveCfg = Release|Any CPU
		{4173D3CF-D35A-4C3F-9627-F693E2B43313}.Release|Any CPU.Build.0 = Release|Any CPU
		{E2883110-D523-44CB-9EB3-93922A734C3D}.Debug|Any CPU.ActiveCfg = Debug|Any CPU
		{E2883110-D523-44CB-9EB3-93922A734C3D}.Debug|Any CPU.Build.0 = Debug|Any CPU
		{E2883110-D523-44CB-9EB3-93922A734C3D}.Release|Any CPU.ActiveCfg = Release|Any CPU
		{E2883110-D523-44CB-9EB3-93922A734C3D}.Release|Any CPU.Build.0 = Release|Any CPU
		{E67B94D2-115B-42EA-B995-0780207B8174}.Debug|Any CPU.ActiveCfg = Debug|Any CPU
		{E67B94D2-115B-42EA-B995-0780207B8174}.Debug|Any CPU.Build.0 = Debug|Any CPU
		{E67B94D2-115B-42EA-B995-0780207B8174}.Release|Any CPU.ActiveCfg = Release|Any CPU
		{E67B94D2-115B-42EA-B995-0780207B8174}.Release|Any CPU.Build.0 = Release|Any CPU
	EndGlobalSection
	GlobalSection(SolutionProperties) = preSolution
		HideSolutionNode = FALSE
	EndGlobalSection
	GlobalSection(ExtensibilityGlobals) = postSolution
		SolutionGuid = {1CF7314C-E0D3-4C3E-A351-48D7288B12F1}
	EndGlobalSection
EndGlobal
